// !$*UTF8*$!
{
	archiveVersion = 1;
	classes = {
	};
	objectVersion = 56;
	objects = {

/* Begin PBXBuildFile section */
		B89E6A0E2BE6552500AD0253 /* AppDelegate.swift in Sources */ = {isa = PBXBuildFile; fileRef = B89E6A0D2BE6552500AD0253 /* AppDelegate.swift */; };
		B89E6A102BE6552500AD0253 /* SceneDelegate.swift in Sources */ = {isa = PBXBuildFile; fileRef = B89E6A0F2BE6552500AD0253 /* SceneDelegate.swift */; };
		B89E6A122BE6552500AD0253 /* ViewController.swift in Sources */ = {isa = PBXBuildFile; fileRef = B89E6A112BE6552500AD0253 /* ViewController.swift */; };
		B89E6A152BE6552500AD0253 /* Base in Resources */ = {isa = PBXBuildFile; fileRef = B89E6A142BE6552500AD0253 /* Base */; };
		B89E6A172BE6552700AD0253 /* Assets.xcassets in Resources */ = {isa = PBXBuildFile; fileRef = B89E6A162BE6552700AD0253 /* Assets.xcassets */; };
		B89E6A1A2BE6552700AD0253 /* Base in Resources */ = {isa = PBXBuildFile; fileRef = B89E6A192BE6552700AD0253 /* Base */; };
		B89E6A252BE6552700AD0253 /* CredentialProviderTests.swift in Sources */ = {isa = PBXBuildFile; fileRef = B89E6A242BE6552700AD0253 /* CredentialProviderTests.swift */; };
		B89E6A2F2BE6552700AD0253 /* CredentialProviderUITests.swift in Sources */ = {isa = PBXBuildFile; fileRef = B89E6A2E2BE6552700AD0253 /* CredentialProviderUITests.swift */; };
		B89E6A312BE6552700AD0253 /* CredentialProviderUITestsLaunchTests.swift in Sources */ = {isa = PBXBuildFile; fileRef = B89E6A302BE6552700AD0253 /* CredentialProviderUITestsLaunchTests.swift */; };
		B89E6A452BE6565200AD0253 /* AuthenticationServices.framework in Frameworks */ = {isa = PBXBuildFile; fileRef = B89E6A442BE6565200AD0253 /* AuthenticationServices.framework */; };
		B89E6A482BE6565200AD0253 /* CredentialProviderViewController.swift in Sources */ = {isa = PBXBuildFile; fileRef = B89E6A472BE6565200AD0253 /* CredentialProviderViewController.swift */; };
		B89E6A4B2BE6565200AD0253 /* Base in Resources */ = {isa = PBXBuildFile; fileRef = B89E6A4A2BE6565200AD0253 /* Base */; };
		B89E6A502BE6565200AD0253 /* MyCredentialProviderExtension.appex in Embed Foundation Extensions */ = {isa = PBXBuildFile; fileRef = B89E6A422BE6565200AD0253 /* MyCredentialProviderExtension.appex */; settings = {ATTRIBUTES = (RemoveHeadersOnCopy, ); }; };
		B89E6A562BE656FA00AD0253 /* KeychainManager.swift in Sources */ = {isa = PBXBuildFile; fileRef = B89E6A552BE656FA00AD0253 /* KeychainManager.swift */; };
		B89E6A582BE6A14A00AD0253 /* CredentialTableViewCell.swift in Sources */ = {isa = PBXBuildFile; fileRef = B89E6A572BE6A14A00AD0253 /* CredentialTableViewCell.swift */; };
/* End PBXBuildFile section */

/* Begin PBXContainerItemProxy section */
		B89E6A212BE6552700AD0253 /* PBXContainerItemProxy */ = {
			isa = PBXContainerItemProxy;
			containerPortal = B89E6A022BE6552500AD0253 /* Project object */;
			proxyType = 1;
			remoteGlobalIDString = B89E6A092BE6552500AD0253;
			remoteInfo = CredentialProvider;
		};
		B89E6A2B2BE6552700AD0253 /* PBXContainerItemProxy */ = {
			isa = PBXContainerItemProxy;
			containerPortal = B89E6A022BE6552500AD0253 /* Project object */;
			proxyType = 1;
			remoteGlobalIDString = B89E6A092BE6552500AD0253;
			remoteInfo = CredentialProvider;
		};
		B89E6A4E2BE6565200AD0253 /* PBXContainerItemProxy */ = {
			isa = PBXContainerItemProxy;
			containerPortal = B89E6A022BE6552500AD0253 /* Project object */;
			proxyType = 1;
			remoteGlobalIDString = B89E6A412BE6565200AD0253;
			remoteInfo = MyCredentialProviderExtension;
		};
/* End PBXContainerItemProxy section */

/* Begin PBXCopyFilesBuildPhase section */
		B89E6A542BE6565200AD0253 /* Embed Foundation Extensions */ = {
			isa = PBXCopyFilesBuildPhase;
			buildActionMask = 2147483647;
			dstPath = "";
			dstSubfolderSpec = 13;
			files = (
				B89E6A502BE6565200AD0253 /* MyCredentialProviderExtension.appex in Embed Foundation Extensions */,
			);
			name = "Embed Foundation Extensions";
			runOnlyForDeploymentPostprocessing = 0;
		};
/* End PBXCopyFilesBuildPhase section */

/* Begin PBXFileReference section */
		B89E6A0A2BE6552500AD0253 /* CredentialProvider.app */ = {isa = PBXFileReference; explicitFileType = wrapper.application; includeInIndex = 0; path = CredentialProvider.app; sourceTree = BUILT_PRODUCTS_DIR; };
		B89E6A0D2BE6552500AD0253 /* AppDelegate.swift */ = {isa = PBXFileReference; lastKnownFileType = sourcecode.swift; path = AppDelegate.swift; sourceTree = "<group>"; };
		B89E6A0F2BE6552500AD0253 /* SceneDelegate.swift */ = {isa = PBXFileReference; lastKnownFileType = sourcecode.swift; path = SceneDelegate.swift; sourceTree = "<group>"; };
		B89E6A112BE6552500AD0253 /* ViewController.swift */ = {isa = PBXFileReference; lastKnownFileType = sourcecode.swift; path = ViewController.swift; sourceTree = "<group>"; };
		B89E6A142BE6552500AD0253 /* Base */ = {isa = PBXFileReference; lastKnownFileType = file.storyboard; name = Base; path = Base.lproj/Main.storyboard; sourceTree = "<group>"; };
		B89E6A162BE6552700AD0253 /* Assets.xcassets */ = {isa = PBXFileReference; lastKnownFileType = folder.assetcatalog; path = Assets.xcassets; sourceTree = "<group>"; };
		B89E6A192BE6552700AD0253 /* Base */ = {isa = PBXFileReference; lastKnownFileType = file.storyboard; name = Base; path = Base.lproj/LaunchScreen.storyboard; sourceTree = "<group>"; };
		B89E6A1B2BE6552700AD0253 /* Info.plist */ = {isa = PBXFileReference; lastKnownFileType = text.plist.xml; path = Info.plist; sourceTree = "<group>"; };
		B89E6A202BE6552700AD0253 /* CredentialProviderTests.xctest */ = {isa = PBXFileReference; explicitFileType = wrapper.cfbundle; includeInIndex = 0; path = CredentialProviderTests.xctest; sourceTree = BUILT_PRODUCTS_DIR; };
		B89E6A242BE6552700AD0253 /* CredentialProviderTests.swift */ = {isa = PBXFileReference; lastKnownFileType = sourcecode.swift; path = CredentialProviderTests.swift; sourceTree = "<group>"; };
		B89E6A2A2BE6552700AD0253 /* CredentialProviderUITests.xctest */ = {isa = PBXFileReference; explicitFileType = wrapper.cfbundle; includeInIndex = 0; path = CredentialProviderUITests.xctest; sourceTree = BUILT_PRODUCTS_DIR; };
		B89E6A2E2BE6552700AD0253 /* CredentialProviderUITests.swift */ = {isa = PBXFileReference; lastKnownFileType = sourcecode.swift; path = CredentialProviderUITests.swift; sourceTree = "<group>"; };
		B89E6A302BE6552700AD0253 /* CredentialProviderUITestsLaunchTests.swift */ = {isa = PBXFileReference; lastKnownFileType = sourcecode.swift; path = CredentialProviderUITestsLaunchTests.swift; sourceTree = "<group>"; };
		B89E6A3D2BE6558B00AD0253 /* CredentialProvider.entitlements */ = {isa = PBXFileReference; lastKnownFileType = text.plist.entitlements; path = CredentialProvider.entitlements; sourceTree = "<group>"; };
		B89E6A422BE6565200AD0253 /* MyCredentialProviderExtension.appex */ = {isa = PBXFileReference; explicitFileType = "wrapper.app-extension"; includeInIndex = 0; path = MyCredentialProviderExtension.appex; sourceTree = BUILT_PRODUCTS_DIR; };
		B89E6A442BE6565200AD0253 /* AuthenticationServices.framework */ = {isa = PBXFileReference; lastKnownFileType = wrapper.framework; name = AuthenticationServices.framework; path = System/Library/Frameworks/AuthenticationServices.framework; sourceTree = SDKROOT; };
		B89E6A472BE6565200AD0253 /* CredentialProviderViewController.swift */ = {isa = PBXFileReference; lastKnownFileType = sourcecode.swift; path = CredentialProviderViewController.swift; sourceTree = "<group>"; };
		B89E6A4A2BE6565200AD0253 /* Base */ = {isa = PBXFileReference; lastKnownFileType = file.storyboard; name = Base; path = Base.lproj/MainInterface.storyboard; sourceTree = "<group>"; };
		B89E6A4C2BE6565200AD0253 /* Info.plist */ = {isa = PBXFileReference; lastKnownFileType = text.plist.xml; path = Info.plist; sourceTree = "<group>"; };
		B89E6A4D2BE6565200AD0253 /* MyCredentialProviderExtension.entitlements */ = {isa = PBXFileReference; lastKnownFileType = text.plist.entitlements; path = MyCredentialProviderExtension.entitlements; sourceTree = "<group>"; };
		B89E6A552BE656FA00AD0253 /* KeychainManager.swift */ = {isa = PBXFileReference; lastKnownFileType = sourcecode.swift; path = KeychainManager.swift; sourceTree = "<group>"; };
		B89E6A572BE6A14A00AD0253 /* CredentialTableViewCell.swift */ = {isa = PBXFileReference; lastKnownFileType = sourcecode.swift; path = CredentialTableViewCell.swift; sourceTree = "<group>"; };
/* End PBXFileReference section */

/* Begin PBXFrameworksBuildPhase section */
		B89E6A072BE6552500AD0253 /* Frameworks */ = {
			isa = PBXFrameworksBuildPhase;
			buildActionMask = 2147483647;
			files = (
			);
			runOnlyForDeploymentPostprocessing = 0;
		};
		B89E6A1D2BE6552700AD0253 /* Frameworks */ = {
			isa = PBXFrameworksBuildPhase;
			buildActionMask = 2147483647;
			files = (
			);
			runOnlyForDeploymentPostprocessing = 0;
		};
		B89E6A272BE6552700AD0253 /* Frameworks */ = {
			isa = PBXFrameworksBuildPhase;
			buildActionMask = 2147483647;
			files = (
			);
			runOnlyForDeploymentPostprocessing = 0;
		};
		B89E6A3F2BE6565200AD0253 /* Frameworks */ = {
			isa = PBXFrameworksBuildPhase;
			buildActionMask = 2147483647;
			files = (
				B89E6A452BE6565200AD0253 /* AuthenticationServices.framework in Frameworks */,
			);
			runOnlyForDeploymentPostprocessing = 0;
		};
/* End PBXFrameworksBuildPhase section */

/* Begin PBXGroup section */
		B89E6A012BE6552500AD0253 = {
			isa = PBXGroup;
			children = (
				B89E6A0C2BE6552500AD0253 /* CredentialProvider */,
				B89E6A232BE6552700AD0253 /* CredentialProviderTests */,
				B89E6A2D2BE6552700AD0253 /* CredentialProviderUITests */,
				B89E6A462BE6565200AD0253 /* MyCredentialProviderExtension */,
				B89E6A432BE6565200AD0253 /* Frameworks */,
				B89E6A0B2BE6552500AD0253 /* Products */,
			);
			sourceTree = "<group>";
		};
		B89E6A0B2BE6552500AD0253 /* Products */ = {
			isa = PBXGroup;
			children = (
				B89E6A0A2BE6552500AD0253 /* CredentialProvider.app */,
				B89E6A202BE6552700AD0253 /* CredentialProviderTests.xctest */,
				B89E6A2A2BE6552700AD0253 /* CredentialProviderUITests.xctest */,
				B89E6A422BE6565200AD0253 /* MyCredentialProviderExtension.appex */,
			);
			name = Products;
			sourceTree = "<group>";
		};
		B89E6A0C2BE6552500AD0253 /* CredentialProvider */ = {
			isa = PBXGroup;
			children = (
				B89E6A5B2BE751DA00AD0253 /* Resource */,
				B89E6A5A2BE751B100AD0253 /* KeychainHelper */,
				B89E6A112BE6552500AD0253 /* ViewController.swift */,
				B89E6A3D2BE6558B00AD0253 /* CredentialProvider.entitlements */,
				B89E6A1B2BE6552700AD0253 /* Info.plist */,
			);
			path = CredentialProvider;
			sourceTree = "<group>";
		};
		B89E6A232BE6552700AD0253 /* CredentialProviderTests */ = {
			isa = PBXGroup;
			children = (
				B89E6A242BE6552700AD0253 /* CredentialProviderTests.swift */,
			);
			path = CredentialProviderTests;
			sourceTree = "<group>";
		};
		B89E6A2D2BE6552700AD0253 /* CredentialProviderUITests */ = {
			isa = PBXGroup;
			children = (
				B89E6A2E2BE6552700AD0253 /* CredentialProviderUITests.swift */,
				B89E6A302BE6552700AD0253 /* CredentialProviderUITestsLaunchTests.swift */,
			);
			path = CredentialProviderUITests;
			sourceTree = "<group>";
		};
		B89E6A432BE6565200AD0253 /* Frameworks */ = {
			isa = PBXGroup;
			children = (
				B89E6A442BE6565200AD0253 /* AuthenticationServices.framework */,
			);
			name = Frameworks;
			sourceTree = "<group>";
		};
		B89E6A462BE6565200AD0253 /* MyCredentialProviderExtension */ = {
			isa = PBXGroup;
			children = (
				B89E6A472BE6565200AD0253 /* CredentialProviderViewController.swift */,
				B89E6A572BE6A14A00AD0253 /* CredentialTableViewCell.swift */,
				B89E6A492BE6565200AD0253 /* MainInterface.storyboard */,
				B89E6A4C2BE6565200AD0253 /* Info.plist */,
				B89E6A4D2BE6565200AD0253 /* MyCredentialProviderExtension.entitlements */,
			);
			path = MyCredentialProviderExtension;
			sourceTree = "<group>";
		};
		B89E6A5A2BE751B100AD0253 /* KeychainHelper */ = {
			isa = PBXGroup;
			children = (
				B89E6A552BE656FA00AD0253 /* KeychainManager.swift */,
			);
			path = KeychainHelper;
			sourceTree = "<group>";
		};
		B89E6A5B2BE751DA00AD0253 /* Resource */ = {
			isa = PBXGroup;
			children = (
				B89E6A0D2BE6552500AD0253 /* AppDelegate.swift */,
				B89E6A0F2BE6552500AD0253 /* SceneDelegate.swift */,
				B89E6A132BE6552500AD0253 /* Main.storyboard */,
				B89E6A162BE6552700AD0253 /* Assets.xcassets */,
				B89E6A182BE6552700AD0253 /* LaunchScreen.storyboard */,
			);
			path = Resource;
			sourceTree = "<group>";
		};
/* End PBXGroup section */

/* Begin PBXNativeTarget section */
		B89E6A092BE6552500AD0253 /* CredentialProvider */ = {
			isa = PBXNativeTarget;
			buildConfigurationList = B89E6A342BE6552700AD0253 /* Build configuration list for PBXNativeTarget "CredentialProvider" */;
			buildPhases = (
				B89E6A062BE6552500AD0253 /* Sources */,
				B89E6A072BE6552500AD0253 /* Frameworks */,
				B89E6A082BE6552500AD0253 /* Resources */,
				B89E6A542BE6565200AD0253 /* Embed Foundation Extensions */,
			);
			buildRules = (
			);
			dependencies = (
				B89E6A4F2BE6565200AD0253 /* PBXTargetDependency */,
			);
			name = CredentialProvider;
			productName = CredentialProvider;
			productReference = B89E6A0A2BE6552500AD0253 /* CredentialProvider.app */;
			productType = "com.apple.product-type.application";
		};
		B89E6A1F2BE6552700AD0253 /* CredentialProviderTests */ = {
			isa = PBXNativeTarget;
			buildConfigurationList = B89E6A372BE6552700AD0253 /* Build configuration list for PBXNativeTarget "CredentialProviderTests" */;
			buildPhases = (
				B89E6A1C2BE6552700AD0253 /* Sources */,
				B89E6A1D2BE6552700AD0253 /* Frameworks */,
				B89E6A1E2BE6552700AD0253 /* Resources */,
			);
			buildRules = (
			);
			dependencies = (
				B89E6A222BE6552700AD0253 /* PBXTargetDependency */,
			);
			name = CredentialProviderTests;
			productName = CredentialProviderTests;
			productReference = B89E6A202BE6552700AD0253 /* CredentialProviderTests.xctest */;
			productType = "com.apple.product-type.bundle.unit-test";
		};
		B89E6A292BE6552700AD0253 /* CredentialProviderUITests */ = {
			isa = PBXNativeTarget;
			buildConfigurationList = B89E6A3A2BE6552700AD0253 /* Build configuration list for PBXNativeTarget "CredentialProviderUITests" */;
			buildPhases = (
				B89E6A262BE6552700AD0253 /* Sources */,
				B89E6A272BE6552700AD0253 /* Frameworks */,
				B89E6A282BE6552700AD0253 /* Resources */,
			);
			buildRules = (
			);
			dependencies = (
				B89E6A2C2BE6552700AD0253 /* PBXTargetDependency */,
			);
			name = CredentialProviderUITests;
			productName = CredentialProviderUITests;
			productReference = B89E6A2A2BE6552700AD0253 /* CredentialProviderUITests.xctest */;
			productType = "com.apple.product-type.bundle.ui-testing";
		};
		B89E6A412BE6565200AD0253 /* MyCredentialProviderExtension */ = {
			isa = PBXNativeTarget;
			buildConfigurationList = B89E6A512BE6565200AD0253 /* Build configuration list for PBXNativeTarget "MyCredentialProviderExtension" */;
			buildPhases = (
				B89E6A3E2BE6565200AD0253 /* Sources */,
				B89E6A3F2BE6565200AD0253 /* Frameworks */,
				B89E6A402BE6565200AD0253 /* Resources */,
			);
			buildRules = (
			);
			dependencies = (
			);
			name = MyCredentialProviderExtension;
			productName = MyCredentialProviderExtension;
			productReference = B89E6A422BE6565200AD0253 /* MyCredentialProviderExtension.appex */;
			productType = "com.apple.product-type.app-extension";
		};
/* End PBXNativeTarget section */

/* Begin PBXProject section */
		B89E6A022BE6552500AD0253 /* Project object */ = {
			isa = PBXProject;
			attributes = {
				BuildIndependentTargetsInParallel = 1;
				LastSwiftUpdateCheck = 1530;
				LastUpgradeCheck = 1530;
				TargetAttributes = {
					B89E6A092BE6552500AD0253 = {
						CreatedOnToolsVersion = 15.3;
					};
					B89E6A1F2BE6552700AD0253 = {
						CreatedOnToolsVersion = 15.3;
						TestTargetID = B89E6A092BE6552500AD0253;
					};
					B89E6A292BE6552700AD0253 = {
						CreatedOnToolsVersion = 15.3;
						TestTargetID = B89E6A092BE6552500AD0253;
					};
					B89E6A412BE6565200AD0253 = {
						CreatedOnToolsVersion = 15.3;
					};
				};
			};
			buildConfigurationList = B89E6A052BE6552500AD0253 /* Build configuration list for PBXProject "CredentialProvider" */;
			compatibilityVersion = "Xcode 14.0";
			developmentRegion = en;
			hasScannedForEncodings = 0;
			knownRegions = (
				en,
				Base,
			);
			mainGroup = B89E6A012BE6552500AD0253;
			productRefGroup = B89E6A0B2BE6552500AD0253 /* Products */;
			projectDirPath = "";
			projectRoot = "";
			targets = (
				B89E6A092BE6552500AD0253 /* CredentialProvider */,
				B89E6A1F2BE6552700AD0253 /* CredentialProviderTests */,
				B89E6A292BE6552700AD0253 /* CredentialProviderUITests */,
				B89E6A412BE6565200AD0253 /* MyCredentialProviderExtension */,
			);
		};
/* End PBXProject section */

/* Begin PBXResourcesBuildPhase section */
		B89E6A082BE6552500AD0253 /* Resources */ = {
			isa = PBXResourcesBuildPhase;
			buildActionMask = 2147483647;
			files = (
				B89E6A172BE6552700AD0253 /* Assets.xcassets in Resources */,
				B89E6A1A2BE6552700AD0253 /* Base in Resources */,
				B89E6A152BE6552500AD0253 /* Base in Resources */,
			);
			runOnlyForDeploymentPostprocessing = 0;
		};
		B89E6A1E2BE6552700AD0253 /* Resources */ = {
			isa = PBXResourcesBuildPhase;
			buildActionMask = 2147483647;
			files = (
			);
			runOnlyForDeploymentPostprocessing = 0;
		};
		B89E6A282BE6552700AD0253 /* Resources */ = {
			isa = PBXResourcesBuildPhase;
			buildActionMask = 2147483647;
			files = (
			);
			runOnlyForDeploymentPostprocessing = 0;
		};
		B89E6A402BE6565200AD0253 /* Resources */ = {
			isa = PBXResourcesBuildPhase;
			buildActionMask = 2147483647;
			files = (
				B89E6A4B2BE6565200AD0253 /* Base in Resources */,
			);
			runOnlyForDeploymentPostprocessing = 0;
		};
/* End PBXResourcesBuildPhase section */

/* Begin PBXSourcesBuildPhase section */
		B89E6A062BE6552500AD0253 /* Sources */ = {
			isa = PBXSourcesBuildPhase;
			buildActionMask = 2147483647;
			files = (
				B89E6A122BE6552500AD0253 /* ViewController.swift in Sources */,
				B89E6A0E2BE6552500AD0253 /* AppDelegate.swift in Sources */,
				B89E6A102BE6552500AD0253 /* SceneDelegate.swift in Sources */,
				B89E6A562BE656FA00AD0253 /* KeychainManager.swift in Sources */,
			);
			runOnlyForDeploymentPostprocessing = 0;
		};
		B89E6A1C2BE6552700AD0253 /* Sources */ = {
			isa = PBXSourcesBuildPhase;
			buildActionMask = 2147483647;
			files = (
				B89E6A252BE6552700AD0253 /* CredentialProviderTests.swift in Sources */,
			);
			runOnlyForDeploymentPostprocessing = 0;
		};
		B89E6A262BE6552700AD0253 /* Sources */ = {
			isa = PBXSourcesBuildPhase;
			buildActionMask = 2147483647;
			files = (
				B89E6A312BE6552700AD0253 /* CredentialProviderUITestsLaunchTests.swift in Sources */,
				B89E6A2F2BE6552700AD0253 /* CredentialProviderUITests.swift in Sources */,
			);
			runOnlyForDeploymentPostprocessing = 0;
		};
		B89E6A3E2BE6565200AD0253 /* Sources */ = {
			isa = PBXSourcesBuildPhase;
			buildActionMask = 2147483647;
			files = (
				B89E6A582BE6A14A00AD0253 /* CredentialTableViewCell.swift in Sources */,
				B89E6A482BE6565200AD0253 /* CredentialProviderViewController.swift in Sources */,
			);
			runOnlyForDeploymentPostprocessing = 0;
		};
/* End PBXSourcesBuildPhase section */

/* Begin PBXTargetDependency section */
		B89E6A222BE6552700AD0253 /* PBXTargetDependency */ = {
			isa = PBXTargetDependency;
			target = B89E6A092BE6552500AD0253 /* CredentialProvider */;
			targetProxy = B89E6A212BE6552700AD0253 /* PBXContainerItemProxy */;
		};
		B89E6A2C2BE6552700AD0253 /* PBXTargetDependency */ = {
			isa = PBXTargetDependency;
			target = B89E6A092BE6552500AD0253 /* CredentialProvider */;
			targetProxy = B89E6A2B2BE6552700AD0253 /* PBXContainerItemProxy */;
		};
		B89E6A4F2BE6565200AD0253 /* PBXTargetDependency */ = {
			isa = PBXTargetDependency;
			target = B89E6A412BE6565200AD0253 /* MyCredentialProviderExtension */;
			targetProxy = B89E6A4E2BE6565200AD0253 /* PBXContainerItemProxy */;
		};
/* End PBXTargetDependency section */

/* Begin PBXVariantGroup section */
		B89E6A132BE6552500AD0253 /* Main.storyboard */ = {
			isa = PBXVariantGroup;
			children = (
				B89E6A142BE6552500AD0253 /* Base */,
			);
			name = Main.storyboard;
			sourceTree = "<group>";
		};
		B89E6A182BE6552700AD0253 /* LaunchScreen.storyboard */ = {
			isa = PBXVariantGroup;
			children = (
				B89E6A192BE6552700AD0253 /* Base */,
			);
			name = LaunchScreen.storyboard;
			sourceTree = "<group>";
		};
		B89E6A492BE6565200AD0253 /* MainInterface.storyboard */ = {
			isa = PBXVariantGroup;
			children = (
				B89E6A4A2BE6565200AD0253 /* Base */,
			);
			name = MainInterface.storyboard;
			sourceTree = "<group>";
		};
/* End PBXVariantGroup section */

/* Begin XCBuildConfiguration section */
		B89E6A322BE6552700AD0253 /* Debug */ = {
			isa = XCBuildConfiguration;
			buildSettings = {
				ALWAYS_SEARCH_USER_PATHS = NO;
				ASSETCATALOG_COMPILER_GENERATE_SWIFT_ASSET_SYMBOL_EXTENSIONS = YES;
				CLANG_ANALYZER_NONNULL = YES;
				CLANG_ANALYZER_NUMBER_OBJECT_CONVERSION = YES_AGGRESSIVE;
				CLANG_CXX_LANGUAGE_STANDARD = "gnu++20";
				CLANG_ENABLE_MODULES = YES;
				CLANG_ENABLE_OBJC_ARC = YES;
				CLANG_ENABLE_OBJC_WEAK = YES;
				CLANG_WARN_BLOCK_CAPTURE_AUTORELEASING = YES;
				CLANG_WARN_BOOL_CONVERSION = YES;
				CLANG_WARN_COMMA = YES;
				CLANG_WARN_CONSTANT_CONVERSION = YES;
				CLANG_WARN_DEPRECATED_OBJC_IMPLEMENTATIONS = YES;
				CLANG_WARN_DIRECT_OBJC_ISA_USAGE = YES_ERROR;
				CLANG_WARN_DOCUMENTATION_COMMENTS = YES;
				CLANG_WARN_EMPTY_BODY = YES;
				CLANG_WARN_ENUM_CONVERSION = YES;
				CLANG_WARN_INFINITE_RECURSION = YES;
				CLANG_WARN_INT_CONVERSION = YES;
				CLANG_WARN_NON_LITERAL_NULL_CONVERSION = YES;
				CLANG_WARN_OBJC_IMPLICIT_RETAIN_SELF = YES;
				CLANG_WARN_OBJC_LITERAL_CONVERSION = YES;
				CLANG_WARN_OBJC_ROOT_CLASS = YES_ERROR;
				CLANG_WARN_QUOTED_INCLUDE_IN_FRAMEWORK_HEADER = YES;
				CLANG_WARN_RANGE_LOOP_ANALYSIS = YES;
				CLANG_WARN_STRICT_PROTOTYPES = YES;
				CLANG_WARN_SUSPICIOUS_MOVE = YES;
				CLANG_WARN_UNGUARDED_AVAILABILITY = YES_AGGRESSIVE;
				CLANG_WARN_UNREACHABLE_CODE = YES;
				CLANG_WARN__DUPLICATE_METHOD_MATCH = YES;
				COPY_PHASE_STRIP = NO;
				DEBUG_INFORMATION_FORMAT = dwarf;
				ENABLE_STRICT_OBJC_MSGSEND = YES;
				ENABLE_TESTABILITY = YES;
				ENABLE_USER_SCRIPT_SANDBOXING = YES;
				GCC_C_LANGUAGE_STANDARD = gnu17;
				GCC_DYNAMIC_NO_PIC = NO;
				GCC_NO_COMMON_BLOCKS = YES;
				GCC_OPTIMIZATION_LEVEL = 0;
				GCC_PREPROCESSOR_DEFINITIONS = (
					"DEBUG=1",
					"$(inherited)",
				);
				GCC_WARN_64_TO_32_BIT_CONVERSION = YES;
				GCC_WARN_ABOUT_RETURN_TYPE = YES_ERROR;
				GCC_WARN_UNDECLARED_SELECTOR = YES;
				GCC_WARN_UNINITIALIZED_AUTOS = YES_AGGRESSIVE;
				GCC_WARN_UNUSED_FUNCTION = YES;
				GCC_WARN_UNUSED_VARIABLE = YES;
				IPHONEOS_DEPLOYMENT_TARGET = 17.4;
				LOCALIZATION_PREFERS_STRING_CATALOGS = YES;
				MTL_ENABLE_DEBUG_INFO = INCLUDE_SOURCE;
				MTL_FAST_MATH = YES;
				ONLY_ACTIVE_ARCH = YES;
				SDKROOT = iphoneos;
				SWIFT_ACTIVE_COMPILATION_CONDITIONS = "DEBUG $(inherited)";
				SWIFT_OPTIMIZATION_LEVEL = "-Onone";
			};
			name = Debug;
		};
		B89E6A332BE6552700AD0253 /* Release */ = {
			isa = XCBuildConfiguration;
			buildSettings = {
				ALWAYS_SEARCH_USER_PATHS = NO;
				ASSETCATALOG_COMPILER_GENERATE_SWIFT_ASSET_SYMBOL_EXTENSIONS = YES;
				CLANG_ANALYZER_NONNULL = YES;
				CLANG_ANALYZER_NUMBER_OBJECT_CONVERSION = YES_AGGRESSIVE;
				CLANG_CXX_LANGUAGE_STANDARD = "gnu++20";
				CLANG_ENABLE_MODULES = YES;
				CLANG_ENABLE_OBJC_ARC = YES;
				CLANG_ENABLE_OBJC_WEAK = YES;
				CLANG_WARN_BLOCK_CAPTURE_AUTORELEASING = YES;
				CLANG_WARN_BOOL_CONVERSION = YES;
				CLANG_WARN_COMMA = YES;
				CLANG_WARN_CONSTANT_CONVERSION = YES;
				CLANG_WARN_DEPRECATED_OBJC_IMPLEMENTATIONS = YES;
				CLANG_WARN_DIRECT_OBJC_ISA_USAGE = YES_ERROR;
				CLANG_WARN_DOCUMENTATION_COMMENTS = YES;
				CLANG_WARN_EMPTY_BODY = YES;
				CLANG_WARN_ENUM_CONVERSION = YES;
				CLANG_WARN_INFINITE_RECURSION = YES;
				CLANG_WARN_INT_CONVERSION = YES;
				CLANG_WARN_NON_LITERAL_NULL_CONVERSION = YES;
				CLANG_WARN_OBJC_IMPLICIT_RETAIN_SELF = YES;
				CLANG_WARN_OBJC_LITERAL_CONVERSION = YES;
				CLANG_WARN_OBJC_ROOT_CLASS = YES_ERROR;
				CLANG_WARN_QUOTED_INCLUDE_IN_FRAMEWORK_HEADER = YES;
				CLANG_WARN_RANGE_LOOP_ANALYSIS = YES;
				CLANG_WARN_STRICT_PROTOTYPES = YES;
				CLANG_WARN_SUSPICIOUS_MOVE = YES;
				CLANG_WARN_UNGUARDED_AVAILABILITY = YES_AGGRESSIVE;
				CLANG_WARN_UNREACHABLE_CODE = YES;
				CLANG_WARN__DUPLICATE_METHOD_MATCH = YES;
				COPY_PHASE_STRIP = NO;
				DEBUG_INFORMATION_FORMAT = "dwarf-with-dsym";
				ENABLE_NS_ASSERTIONS = NO;
				ENABLE_STRICT_OBJC_MSGSEND = YES;
				ENABLE_USER_SCRIPT_SANDBOXING = YES;
				GCC_C_LANGUAGE_STANDARD = gnu17;
				GCC_NO_COMMON_BLOCKS = YES;
				GCC_WARN_64_TO_32_BIT_CONVERSION = YES;
				GCC_WARN_ABOUT_RETURN_TYPE = YES_ERROR;
				GCC_WARN_UNDECLARED_SELECTOR = YES;
				GCC_WARN_UNINITIALIZED_AUTOS = YES_AGGRESSIVE;
				GCC_WARN_UNUSED_FUNCTION = YES;
				GCC_WARN_UNUSED_VARIABLE = YES;
				IPHONEOS_DEPLOYMENT_TARGET = 17.4;
				LOCALIZATION_PREFERS_STRING_CATALOGS = YES;
				MTL_ENABLE_DEBUG_INFO = NO;
				MTL_FAST_MATH = YES;
				SDKROOT = iphoneos;
				SWIFT_COMPILATION_MODE = wholemodule;
				VALIDATE_PRODUCT = YES;
			};
			name = Release;
		};
		B89E6A352BE6552700AD0253 /* Debug */ = {
			isa = XCBuildConfiguration;
			buildSettings = {
				ALWAYS_EMBED_SWIFT_STANDARD_LIBRARIES = YES;
				ASSETCATALOG_COMPILER_APPICON_NAME = AppIcon;
				ASSETCATALOG_COMPILER_GLOBAL_ACCENT_COLOR_NAME = AccentColor;
				CODE_SIGN_ENTITLEMENTS = CredentialProvider/CredentialProvider.entitlements;
				CODE_SIGN_STYLE = Automatic;
				CURRENT_PROJECT_VERSION = 1;
				DEVELOPMENT_TEAM = C5X785UA66;
				GENERATE_INFOPLIST_FILE = YES;
				INFOPLIST_FILE = CredentialProvider/Info.plist;
				INFOPLIST_KEY_UIApplicationSupportsIndirectInputEvents = YES;
				INFOPLIST_KEY_UILaunchStoryboardName = LaunchScreen;
				INFOPLIST_KEY_UIMainStoryboardFile = Main;
				INFOPLIST_KEY_UISupportedInterfaceOrientations_iPad = "UIInterfaceOrientationPortrait UIInterfaceOrientationPortraitUpsideDown UIInterfaceOrientationLandscapeLeft UIInterfaceOrientationLandscapeRight";
				INFOPLIST_KEY_UISupportedInterfaceOrientations_iPhone = "UIInterfaceOrientationPortrait UIInterfaceOrientationLandscapeLeft UIInterfaceOrientationLandscapeRight";
				LD_RUNPATH_SEARCH_PATHS = (
					"$(inherited)",
					"@executable_path/Frameworks",
				);
				MARKETING_VERSION = 1.0;
				PRODUCT_BUNDLE_IDENTIFIER = com.test.AutofilliOSCredentialProvider;
				PRODUCT_NAME = "$(TARGET_NAME)";
				SWIFT_EMIT_LOC_STRINGS = YES;
				SWIFT_VERSION = 5.0;
				TARGETED_DEVICE_FAMILY = "1,2";
			};
			name = Debug;
		};
		B89E6A362BE6552700AD0253 /* Release */ = {
			isa = XCBuildConfiguration;
			buildSettings = {
				ALWAYS_EMBED_SWIFT_STANDARD_LIBRARIES = YES;
				ASSETCATALOG_COMPILER_APPICON_NAME = AppIcon;
				ASSETCATALOG_COMPILER_GLOBAL_ACCENT_COLOR_NAME = AccentColor;
				CODE_SIGN_ENTITLEMENTS = CredentialProvider/CredentialProvider.entitlements;
				CODE_SIGN_STYLE = Automatic;
				CURRENT_PROJECT_VERSION = 1;
				DEVELOPMENT_TEAM = C5X785UA66;
				GENERATE_INFOPLIST_FILE = YES;
				INFOPLIST_FILE = CredentialProvider/Info.plist;
				INFOPLIST_KEY_UIApplicationSupportsIndirectInputEvents = YES;
				INFOPLIST_KEY_UILaunchStoryboardName = LaunchScreen;
				INFOPLIST_KEY_UIMainStoryboardFile = Main;
				INFOPLIST_KEY_UISupportedInterfaceOrientations_iPad = "UIInterfaceOrientationPortrait UIInterfaceOrientationPortraitUpsideDown UIInterfaceOrientationLandscapeLeft UIInterfaceOrientationLandscapeRight";
				INFOPLIST_KEY_UISupportedInterfaceOrientations_iPhone = "UIInterfaceOrientationPortrait UIInterfaceOrientationLandscapeLeft UIInterfaceOrientationLandscapeRight";
				LD_RUNPATH_SEARCH_PATHS = (
					"$(inherited)",
					"@executable_path/Frameworks",
				);
				MARKETING_VERSION = 1.0;
				PRODUCT_BUNDLE_IDENTIFIER = com.test.AutofilliOSCredentialProvider;
				PRODUCT_NAME = "$(TARGET_NAME)";
				SWIFT_EMIT_LOC_STRINGS = YES;
				SWIFT_VERSION = 5.0;
				TARGETED_DEVICE_FAMILY = "1,2";
			};
			name = Release;
		};
		B89E6A382BE6552700AD0253 /* Debug */ = {
			isa = XCBuildConfiguration;
			buildSettings = {
				ALWAYS_EMBED_SWIFT_STANDARD_LIBRARIES = YES;
				BUNDLE_LOADER = "$(TEST_HOST)";
				CODE_SIGN_STYLE = Automatic;
				CURRENT_PROJECT_VERSION = 1;
				DEVELOPMENT_TEAM = C5X785UA66;
				GENERATE_INFOPLIST_FILE = YES;
				IPHONEOS_DEPLOYMENT_TARGET = 17.4;
				MARKETING_VERSION = 1.0;
				PRODUCT_BUNDLE_IDENTIFIER = com.test.CredentialProviderTests;
				PRODUCT_NAME = "$(TARGET_NAME)";
				SWIFT_EMIT_LOC_STRINGS = NO;
				SWIFT_VERSION = 5.0;
				TARGETED_DEVICE_FAMILY = "1,2";
				TEST_HOST = "$(BUILT_PRODUCTS_DIR)/CredentialProvider.app/$(BUNDLE_EXECUTABLE_FOLDER_PATH)/CredentialProvider";
			};
			name = Debug;
		};
		B89E6A392BE6552700AD0253 /* Release */ = {
			isa = XCBuildConfiguration;
			buildSettings = {
				ALWAYS_EMBED_SWIFT_STANDARD_LIBRARIES = YES;
				BUNDLE_LOADER = "$(TEST_HOST)";
				CODE_SIGN_STYLE = Automatic;
				CURRENT_PROJECT_VERSION = 1;
				DEVELOPMENT_TEAM = C5X785UA66;
				GENERATE_INFOPLIST_FILE = YES;
				IPHONEOS_DEPLOYMENT_TARGET = 17.4;
				MARKETING_VERSION = 1.0;
				PRODUCT_BUNDLE_IDENTIFIER = com.test.CredentialProviderTests;
				PRODUCT_NAME = "$(TARGET_NAME)";
				SWIFT_EMIT_LOC_STRINGS = NO;
				SWIFT_VERSION = 5.0;
				TARGETED_DEVICE_FAMILY = "1,2";
				TEST_HOST = "$(BUILT_PRODUCTS_DIR)/CredentialProvider.app/$(BUNDLE_EXECUTABLE_FOLDER_PATH)/CredentialProvider";
			};
			name = Release;
		};
		B89E6A3B2BE6552700AD0253 /* Debug */ = {
			isa = XCBuildConfiguration;
			buildSettings = {
				ALWAYS_EMBED_SWIFT_STANDARD_LIBRARIES = YES;
				CODE_SIGN_STYLE = Automatic;
				CURRENT_PROJECT_VERSION = 1;
				DEVELOPMENT_TEAM = C5X785UA66;
				GENERATE_INFOPLIST_FILE = YES;
				MARKETING_VERSION = 1.0;
				PRODUCT_BUNDLE_IDENTIFIER = com.test.CredentialProviderUITests;
				PRODUCT_NAME = "$(TARGET_NAME)";
				SWIFT_EMIT_LOC_STRINGS = NO;
				SWIFT_VERSION = 5.0;
				TARGETED_DEVICE_FAMILY = "1,2";
				TEST_TARGET_NAME = CredentialProvider;
			};
			name = Debug;
		};
		B89E6A3C2BE6552700AD0253 /* Release */ = {
			isa = XCBuildConfiguration;
			buildSettings = {
				ALWAYS_EMBED_SWIFT_STANDARD_LIBRARIES = YES;
				CODE_SIGN_STYLE = Automatic;
				CURRENT_PROJECT_VERSION = 1;
				DEVELOPMENT_TEAM = C5X785UA66;
				GENERATE_INFOPLIST_FILE = YES;
				MARKETING_VERSION = 1.0;
				PRODUCT_BUNDLE_IDENTIFIER = com.test.CredentialProviderUITests;
				PRODUCT_NAME = "$(TARGET_NAME)";
				SWIFT_EMIT_LOC_STRINGS = NO;
				SWIFT_VERSION = 5.0;
				TARGETED_DEVICE_FAMILY = "1,2";
				TEST_TARGET_NAME = CredentialProvider;
			};
			name = Release;
		};
		B89E6A522BE6565200AD0253 /* Debug */ = {
			isa = XCBuildConfiguration;
			buildSettings = {
				CODE_SIGN_ENTITLEMENTS = MyCredentialProviderExtension/MyCredentialProviderExtension.entitlements;
				CODE_SIGN_STYLE = Automatic;
				CURRENT_PROJECT_VERSION = 1;
				DEVELOPMENT_ASSET_PATHS = CredentialProvider/KeychainHelper/KeychainManager.swift;
				DEVELOPMENT_TEAM = C5X785UA66;
				GENERATE_INFOPLIST_FILE = YES;
				INFOPLIST_FILE = MyCredentialProviderExtension/Info.plist;
				INFOPLIST_KEY_CFBundleDisplayName = MyCredentialProviderExtension;
				INFOPLIST_KEY_NSHumanReadableCopyright = "";
				LD_RUNPATH_SEARCH_PATHS = (
					"$(inherited)",
					"@executable_path/Frameworks",
					"@executable_path/../../Frameworks",
				);
				MARKETING_VERSION = 1.0;
				PRODUCT_BUNDLE_IDENTIFIER = com.test.AutofilliOSCredentialProvider.MyCredentialProviderExtension;
				PRODUCT_NAME = "$(TARGET_NAME)";
				SKIP_INSTALL = YES;
				SWIFT_EMIT_LOC_STRINGS = YES;
				SWIFT_VERSION = 5.0;
				TARGETED_DEVICE_FAMILY = "1,2";
			};
			name = Debug;
		};
		B89E6A532BE6565200AD0253 /* Release */ = {
			isa = XCBuildConfiguration;
			buildSettings = {
				CODE_SIGN_ENTITLEMENTS = MyCredentialProviderExtension/MyCredentialProviderExtension.entitlements;
				CODE_SIGN_STYLE = Automatic;
				CURRENT_PROJECT_VERSION = 1;
				DEVELOPMENT_ASSET_PATHS = CredentialProvider/KeychainHelper/KeychainManager.swift;
				DEVELOPMENT_TEAM = C5X785UA66;
				GENERATE_INFOPLIST_FILE = YES;
				INFOPLIST_FILE = MyCredentialProviderExtension/Info.plist;
				INFOPLIST_KEY_CFBundleDisplayName = MyCredentialProviderExtension;
				INFOPLIST_KEY_NSHumanReadableCopyright = "";
				LD_RUNPATH_SEARCH_PATHS = (
					"$(inherited)",
					"@executable_path/Frameworks",
					"@executable_path/../../Frameworks",
				);
				MARKETING_VERSION = 1.0;
				PRODUCT_BUNDLE_IDENTIFIER = com.test.AutofilliOSCredentialProvider.MyCredentialProviderExtension;
				PRODUCT_NAME = "$(TARGET_NAME)";
				SKIP_INSTALL = YES;
				SWIFT_EMIT_LOC_STRINGS = YES;
				SWIFT_VERSION = 5.0;
				TARGETED_DEVICE_FAMILY = "1,2";
			};
			name = Release;
		};
/* End XCBuildConfiguration section */

/* Begin XCConfigurationList section */
		B89E6A052BE6552500AD0253 /* Build configuration list for PBXProject "CredentialProvider" */ = {
			isa = XCConfigurationList;
			buildConfigurations = (
				B89E6A322BE6552700AD0253 /* Debug */,
				B89E6A332BE6552700AD0253 /* Release */,
			);
			defaultConfigurationIsVisible = 0;
			defaultConfigurationName = Release;
		};
		B89E6A342BE6552700AD0253 /* Build configuration list for PBXNativeTarget "CredentialProvider" */ = {
			isa = XCConfigurationList;
			buildConfigurations = (
				B89E6A352BE6552700AD0253 /* Debug */,
				B89E6A362BE6552700AD0253 /* Release */,
			);
			defaultConfigurationIsVisible = 0;
			defaultConfigurationName = Release;
		};
		B89E6A372BE6552700AD0253 /* Build configuration list for PBXNativeTarget "CredentialProviderTests" */ = {
			isa = XCConfigurationList;
			buildConfigurations = (
				B89E6A382BE6552700AD0253 /* Debug */,
				B89E6A392BE6552700AD0253 /* Release */,
			);
			defaultConfigurationIsVisible = 0;
			defaultConfigurationName = Release;
		};
		B89E6A3A2BE6552700AD0253 /* Build configuration list for PBXNativeTarget "CredentialProviderUITests" */ = {
			isa = XCConfigurationList;
			buildConfigurations = (
				B89E6A3B2BE6552700AD0253 /* Debug */,
				B89E6A3C2BE6552700AD0253 /* Release */,
			);
			defaultConfigurationIsVisible = 0;
			defaultConfigurationName = Release;
		};
		B89E6A512BE6565200AD0253 /* Build configuration list for PBXNativeTarget "MyCredentialProviderExtension" */ = {
			isa = XCConfigurationList;
			buildConfigurations = (
				B89E6A522BE6565200AD0253 /* Debug */,
				B89E6A532BE6565200AD0253 /* Release */,
			);
			defaultConfigurationIsVisible = 0;
			defaultConfigurationName = Release;
		};
/* End XCConfigurationList section */
	};
	rootObject = B89E6A022BE6552500AD0253 /* Project object */;
}
